// !$*UTF8*$!
{
	archiveVersion = 1;
	classes = {
	};
	objectVersion = 56;
	objects = {

/* Begin PBXBuildFile section */
		01D94D0EDC63DE36B34B686A /* Pods_application_clientTests.framework in Frameworks */ = {isa = PBXBuildFile; fileRef = 54FE9241ED1A775A42F657BE /* Pods_application_clientTests.framework */; };
		8D0B22332CA1B9E300C1649A /* AppDelegate.swift in Sources */ = {isa = PBXBuildFile; fileRef = 8D0B22322CA1B9E300C1649A /* AppDelegate.swift */; };
		8D0B22352CA1B9E300C1649A /* SceneDelegate.swift in Sources */ = {isa = PBXBuildFile; fileRef = 8D0B22342CA1B9E300C1649A /* SceneDelegate.swift */; };
		8D0B22372CA1B9E300C1649A /* ViewController.swift in Sources */ = {isa = PBXBuildFile; fileRef = 8D0B22362CA1B9E300C1649A /* ViewController.swift */; };
		8D0B223C2CA1B9E500C1649A /* Assets.xcassets in Resources */ = {isa = PBXBuildFile; fileRef = 8D0B223B2CA1B9E500C1649A /* Assets.xcassets */; };
		8D0B223F2CA1B9E500C1649A /* Base in Resources */ = {isa = PBXBuildFile; fileRef = 8D0B223E2CA1B9E500C1649A /* Base */; };
		8D0B224A2CA1B9E600C1649A /* application_clientTests.swift in Sources */ = {isa = PBXBuildFile; fileRef = 8D0B22492CA1B9E600C1649A /* application_clientTests.swift */; };
		8D0B22542CA1B9E600C1649A /* application_clientUITests.swift in Sources */ = {isa = PBXBuildFile; fileRef = 8D0B22532CA1B9E600C1649A /* application_clientUITests.swift */; };
		8D0B22562CA1B9E600C1649A /* application_clientUITestsLaunchTests.swift in Sources */ = {isa = PBXBuildFile; fileRef = 8D0B22552CA1B9E600C1649A /* application_clientUITestsLaunchTests.swift */; };
		8DAEFF33CA3681F9EB2BBF47 /* Pods_application_client.framework in Frameworks */ = {isa = PBXBuildFile; fileRef = C58003461611A81CBB113BBB /* Pods_application_client.framework */; };
		E356FC438BBA89A579163FFF /* Pods_application_client_application_clientUITests.framework in Frameworks */ = {isa = PBXBuildFile; fileRef = FA66B54AB21CB3425B3C0B8D /* Pods_application_client_application_clientUITests.framework */; };
/* End PBXBuildFile section */

/* Begin PBXContainerItemProxy section */
		8D0B22462CA1B9E600C1649A /* PBXContainerItemProxy */ = {
			isa = PBXContainerItemProxy;
			containerPortal = 8D0B22272CA1B9E300C1649A /* Project object */;
			proxyType = 1;
			remoteGlobalIDString = 8D0B222E2CA1B9E300C1649A;
			remoteInfo = "application-client";
		};
		8D0B22502CA1B9E600C1649A /* PBXContainerItemProxy */ = {
			isa = PBXContainerItemProxy;
			containerPortal = 8D0B22272CA1B9E300C1649A /* Project object */;
			proxyType = 1;
			remoteGlobalIDString = 8D0B222E2CA1B9E300C1649A;
			remoteInfo = "application-client";
		};
/* End PBXContainerItemProxy section */

/* Begin PBXFileReference section */
		169F04F8AF735EF66501FCA4 /* Pods-application-clientTests.release.xcconfig */ = {isa = PBXFileReference; includeInIndex = 1; lastKnownFileType = text.xcconfig; name = "Pods-application-clientTests.release.xcconfig"; path = "Target Support Files/Pods-application-clientTests/Pods-application-clientTests.release.xcconfig"; sourceTree = "<group>"; };
		54FE9241ED1A775A42F657BE /* Pods_application_clientTests.framework */ = {isa = PBXFileReference; explicitFileType = wrapper.framework; includeInIndex = 0; path = Pods_application_clientTests.framework; sourceTree = BUILT_PRODUCTS_DIR; };
		5CE937026C14CA3D9BA4DAF9 /* Pods-application-client.release.xcconfig */ = {isa = PBXFileReference; includeInIndex = 1; lastKnownFileType = text.xcconfig; name = "Pods-application-client.release.xcconfig"; path = "Target Support Files/Pods-application-client/Pods-application-client.release.xcconfig"; sourceTree = "<group>"; };
		67F6D2CE2103EC122055A010 /* Pods-application-client.debug.xcconfig */ = {isa = PBXFileReference; includeInIndex = 1; lastKnownFileType = text.xcconfig; name = "Pods-application-client.debug.xcconfig"; path = "Target Support Files/Pods-application-client/Pods-application-client.debug.xcconfig"; sourceTree = "<group>"; };
		690F6DBBC3967DB43F9723B3 /* Pods-application-client-application-clientUITests.release.xcconfig */ = {isa = PBXFileReference; includeInIndex = 1; lastKnownFileType = text.xcconfig; name = "Pods-application-client-application-clientUITests.release.xcconfig"; path = "Target Support Files/Pods-application-client-application-clientUITests/Pods-application-client-application-clientUITests.release.xcconfig"; sourceTree = "<group>"; };
		78390414B391F5196226F3CD /* Pods-application-clientTests.debug.xcconfig */ = {isa = PBXFileReference; includeInIndex = 1; lastKnownFileType = text.xcconfig; name = "Pods-application-clientTests.debug.xcconfig"; path = "Target Support Files/Pods-application-clientTests/Pods-application-clientTests.debug.xcconfig"; sourceTree = "<group>"; };
		8D0B222F2CA1B9E300C1649A /* application-client.app */ = {isa = PBXFileReference; explicitFileType = wrapper.application; includeInIndex = 0; path = "application-client.app"; sourceTree = BUILT_PRODUCTS_DIR; };
		8D0B22322CA1B9E300C1649A /* AppDelegate.swift */ = {isa = PBXFileReference; lastKnownFileType = sourcecode.swift; path = AppDelegate.swift; sourceTree = "<group>"; };
		8D0B22342CA1B9E300C1649A /* SceneDelegate.swift */ = {isa = PBXFileReference; lastKnownFileType = sourcecode.swift; path = SceneDelegate.swift; sourceTree = "<group>"; };
		8D0B22362CA1B9E300C1649A /* ViewController.swift */ = {isa = PBXFileReference; lastKnownFileType = sourcecode.swift; path = ViewController.swift; sourceTree = "<group>"; };
		8D0B223B2CA1B9E500C1649A /* Assets.xcassets */ = {isa = PBXFileReference; lastKnownFileType = folder.assetcatalog; path = Assets.xcassets; sourceTree = "<group>"; };
		8D0B223E2CA1B9E500C1649A /* Base */ = {isa = PBXFileReference; lastKnownFileType = file.storyboard; name = Base; path = Base.lproj/LaunchScreen.storyboard; sourceTree = "<group>"; };
		8D0B22402CA1B9E500C1649A /* Info.plist */ = {isa = PBXFileReference; lastKnownFileType = text.plist.xml; path = Info.plist; sourceTree = "<group>"; };
		8D0B22452CA1B9E600C1649A /* application-clientTests.xctest */ = {isa = PBXFileReference; explicitFileType = wrapper.cfbundle; includeInIndex = 0; path = "application-clientTests.xctest"; sourceTree = BUILT_PRODUCTS_DIR; };
		8D0B22492CA1B9E600C1649A /* application_clientTests.swift */ = {isa = PBXFileReference; lastKnownFileType = sourcecode.swift; path = application_clientTests.swift; sourceTree = "<group>"; };
		8D0B224F2CA1B9E600C1649A /* application-clientUITests.xctest */ = {isa = PBXFileReference; explicitFileType = wrapper.cfbundle; includeInIndex = 0; path = "application-clientUITests.xctest"; sourceTree = BUILT_PRODUCTS_DIR; };
		8D0B22532CA1B9E600C1649A /* application_clientUITests.swift */ = {isa = PBXFileReference; lastKnownFileType = sourcecode.swift; path = application_clientUITests.swift; sourceTree = "<group>"; };
		8D0B22552CA1B9E600C1649A /* application_clientUITestsLaunchTests.swift */ = {isa = PBXFileReference; lastKnownFileType = sourcecode.swift; path = application_clientUITestsLaunchTests.swift; sourceTree = "<group>"; };
		B12FC7CCD3EF4FB8BDF3E5A1 /* Pods-application-client-application-clientUITests.debug.xcconfig */ = {isa = PBXFileReference; includeInIndex = 1; lastKnownFileType = text.xcconfig; name = "Pods-application-client-application-clientUITests.debug.xcconfig"; path = "Target Support Files/Pods-application-client-application-clientUITests/Pods-application-client-application-clientUITests.debug.xcconfig"; sourceTree = "<group>"; };
		C58003461611A81CBB113BBB /* Pods_application_client.framework */ = {isa = PBXFileReference; explicitFileType = wrapper.framework; includeInIndex = 0; path = Pods_application_client.framework; sourceTree = BUILT_PRODUCTS_DIR; };
		FA66B54AB21CB3425B3C0B8D /* Pods_application_client_application_clientUITests.framework */ = {isa = PBXFileReference; explicitFileType = wrapper.framework; includeInIndex = 0; path = Pods_application_client_application_clientUITests.framework; sourceTree = BUILT_PRODUCTS_DIR; };
/* End PBXFileReference section */

/* Begin PBXFrameworksBuildPhase section */
		8D0B222C2CA1B9E300C1649A /* Frameworks */ = {
			isa = PBXFrameworksBuildPhase;
			buildActionMask = 2147483647;
			files = (
				8DAEFF33CA3681F9EB2BBF47 /* Pods_application_client.framework in Frameworks */,
			);
			runOnlyForDeploymentPostprocessing = 0;
		};
		8D0B22422CA1B9E600C1649A /* Frameworks */ = {
			isa = PBXFrameworksBuildPhase;
			buildActionMask = 2147483647;
			files = (
				01D94D0EDC63DE36B34B686A /* Pods_application_clientTests.framework in Frameworks */,
			);
			runOnlyForDeploymentPostprocessing = 0;
		};
		8D0B224C2CA1B9E600C1649A /* Frameworks */ = {
			isa = PBXFrameworksBuildPhase;
			buildActionMask = 2147483647;
			files = (
				E356FC438BBA89A579163FFF /* Pods_application_client_application_clientUITests.framework in Frameworks */,
			);
			runOnlyForDeploymentPostprocessing = 0;
		};
/* End PBXFrameworksBuildPhase section */

/* Begin PBXGroup section */
		8D0B22262CA1B9E300C1649A = {
			isa = PBXGroup;
			children = (
				8D0B22312CA1B9E300C1649A /* application-client */,
				8D0B22482CA1B9E600C1649A /* application-clientTests */,
				8D0B22522CA1B9E600C1649A /* application-clientUITests */,
				8D0B22302CA1B9E300C1649A /* Products */,
				98CA1954E03570CD55F20FC4 /* Pods */,
				E828D24D75015148C940F6E2 /* Frameworks */,
			);
			sourceTree = "<group>";
		};
		8D0B22302CA1B9E300C1649A /* Products */ = {
			isa = PBXGroup;
			children = (
				8D0B222F2CA1B9E300C1649A /* application-client.app */,
				8D0B22452CA1B9E600C1649A /* application-clientTests.xctest */,
				8D0B224F2CA1B9E600C1649A /* application-clientUITests.xctest */,
			);
			name = Products;
			sourceTree = "<group>";
		};
		8D0B22312CA1B9E300C1649A /* application-client */ = {
			isa = PBXGroup;
			children = (
				8D0B22322CA1B9E300C1649A /* AppDelegate.swift */,
				8D0B22342CA1B9E300C1649A /* SceneDelegate.swift */,
				8D0B22362CA1B9E300C1649A /* ViewController.swift */,
				8D0B223B2CA1B9E500C1649A /* Assets.xcassets */,
				8D0B223D2CA1B9E500C1649A /* LaunchScreen.storyboard */,
				8D0B22402CA1B9E500C1649A /* Info.plist */,
			);
			path = "application-client";
			sourceTree = "<group>";
		};
		8D0B22482CA1B9E600C1649A /* application-clientTests */ = {
			isa = PBXGroup;
			children = (
				8D0B22492CA1B9E600C1649A /* application_clientTests.swift */,
			);
			path = "application-clientTests";
			sourceTree = "<group>";
		};
		8D0B22522CA1B9E600C1649A /* application-clientUITests */ = {
			isa = PBXGroup;
			children = (
				8D0B22532CA1B9E600C1649A /* application_clientUITests.swift */,
				8D0B22552CA1B9E600C1649A /* application_clientUITestsLaunchTests.swift */,
			);
			path = "application-clientUITests";
			sourceTree = "<group>";
		};
		98CA1954E03570CD55F20FC4 /* Pods */ = {
			isa = PBXGroup;
			children = (
				67F6D2CE2103EC122055A010 /* Pods-application-client.debug.xcconfig */,
				5CE937026C14CA3D9BA4DAF9 /* Pods-application-client.release.xcconfig */,
				B12FC7CCD3EF4FB8BDF3E5A1 /* Pods-application-client-application-clientUITests.debug.xcconfig */,
				690F6DBBC3967DB43F9723B3 /* Pods-application-client-application-clientUITests.release.xcconfig */,
				78390414B391F5196226F3CD /* Pods-application-clientTests.debug.xcconfig */,
				169F04F8AF735EF66501FCA4 /* Pods-application-clientTests.release.xcconfig */,
			);
			name = Pods;
			path = Pods;
			sourceTree = "<group>";
		};
		E828D24D75015148C940F6E2 /* Frameworks */ = {
			isa = PBXGroup;
			children = (
				C58003461611A81CBB113BBB /* Pods_application_client.framework */,
				FA66B54AB21CB3425B3C0B8D /* Pods_application_client_application_clientUITests.framework */,
				54FE9241ED1A775A42F657BE /* Pods_application_clientTests.framework */,
			);
			name = Frameworks;
			sourceTree = "<group>";
		};
/* End PBXGroup section */

/* Begin PBXNativeTarget section */
		8D0B222E2CA1B9E300C1649A /* application-client */ = {
			isa = PBXNativeTarget;
			buildConfigurationList = 8D0B22592CA1B9E600C1649A /* Build configuration list for PBXNativeTarget "application-client" */;
			buildPhases = (
				097201405A4C25BCD703B6B8 /* [CP] Check Pods Manifest.lock */,
				8D0B222B2CA1B9E300C1649A /* Sources */,
				8D0B222C2CA1B9E300C1649A /* Frameworks */,
				8D0B222D2CA1B9E300C1649A /* Resources */,
				91664FACB155182DB1F2277D /* [CP] Embed Pods Frameworks */,
			);
			buildRules = (
			);
			dependencies = (
			);
			name = "application-client";
			productName = "application-client";
			productReference = 8D0B222F2CA1B9E300C1649A /* application-client.app */;
			productType = "com.apple.product-type.application";
		};
		8D0B22442CA1B9E600C1649A /* application-clientTests */ = {
			isa = PBXNativeTarget;
			buildConfigurationList = 8D0B225C2CA1B9E600C1649A /* Build configuration list for PBXNativeTarget "application-clientTests" */;
			buildPhases = (
				EF3DD9DBF3EC81C9BD79D040 /* [CP] Check Pods Manifest.lock */,
				8D0B22412CA1B9E600C1649A /* Sources */,
				8D0B22422CA1B9E600C1649A /* Frameworks */,
				8D0B22432CA1B9E600C1649A /* Resources */,
			);
			buildRules = (
			);
			dependencies = (
				8D0B22472CA1B9E600C1649A /* PBXTargetDependency */,
			);
			name = "application-clientTests";
			productName = "application-clientTests";
			productReference = 8D0B22452CA1B9E600C1649A /* application-clientTests.xctest */;
			productType = "com.apple.product-type.bundle.unit-test";
		};
		8D0B224E2CA1B9E600C1649A /* application-clientUITests */ = {
			isa = PBXNativeTarget;
			buildConfigurationList = 8D0B225F2CA1B9E600C1649A /* Build configuration list for PBXNativeTarget "application-clientUITests" */;
			buildPhases = (
				69E9CAB0A27CBA56652384FA /* [CP] Check Pods Manifest.lock */,
				8D0B224B2CA1B9E600C1649A /* Sources */,
				8D0B224C2CA1B9E600C1649A /* Frameworks */,
				8D0B224D2CA1B9E600C1649A /* Resources */,
				BB85FBB3C163FE2AC1DB8EC6 /* [CP] Embed Pods Frameworks */,
			);
			buildRules = (
			);
			dependencies = (
				8D0B22512CA1B9E600C1649A /* PBXTargetDependency */,
			);
			name = "application-clientUITests";
			productName = "application-clientUITests";
			productReference = 8D0B224F2CA1B9E600C1649A /* application-clientUITests.xctest */;
			productType = "com.apple.product-type.bundle.ui-testing";
		};
/* End PBXNativeTarget section */

/* Begin PBXProject section */
		8D0B22272CA1B9E300C1649A /* Project object */ = {
			isa = PBXProject;
			attributes = {
				BuildIndependentTargetsInParallel = 1;
				LastSwiftUpdateCheck = 1540;
				LastUpgradeCheck = 1540;
				TargetAttributes = {
					8D0B222E2CA1B9E300C1649A = {
						CreatedOnToolsVersion = 15.4;
					};
					8D0B22442CA1B9E600C1649A = {
						CreatedOnToolsVersion = 15.4;
						TestTargetID = 8D0B222E2CA1B9E300C1649A;
					};
					8D0B224E2CA1B9E600C1649A = {
						CreatedOnToolsVersion = 15.4;
						TestTargetID = 8D0B222E2CA1B9E300C1649A;
					};
				};
			};
			buildConfigurationList = 8D0B222A2CA1B9E300C1649A /* Build configuration list for PBXProject "application-client" */;
			compatibilityVersion = "Xcode 14.0";
			developmentRegion = en;
			hasScannedForEncodings = 0;
			knownRegions = (
				en,
				Base,
			);
			mainGroup = 8D0B22262CA1B9E300C1649A;
			productRefGroup = 8D0B22302CA1B9E300C1649A /* Products */;
			projectDirPath = "";
			projectRoot = "";
			targets = (
				8D0B222E2CA1B9E300C1649A /* application-client */,
				8D0B22442CA1B9E600C1649A /* application-clientTests */,
				8D0B224E2CA1B9E600C1649A /* application-clientUITests */,
			);
		};
/* End PBXProject section */

/* Begin PBXResourcesBuildPhase section */
		8D0B222D2CA1B9E300C1649A /* Resources */ = {
			isa = PBXResourcesBuildPhase;
			buildActionMask = 2147483647;
			files = (
				8D0B223C2CA1B9E500C1649A /* Assets.xcassets in Resources */,
				8D0B223F2CA1B9E500C1649A /* Base in Resources */,
			);
			runOnlyForDeploymentPostprocessing = 0;
		};
		8D0B22432CA1B9E600C1649A /* Resources */ = {
			isa = PBXResourcesBuildPhase;
			buildActionMask = 2147483647;
			files = (
			);
			runOnlyForDeploymentPostprocessing = 0;
		};
		8D0B224D2CA1B9E600C1649A /* Resources */ = {
			isa = PBXResourcesBuildPhase;
			buildActionMask = 2147483647;
			files = (
			);
			runOnlyForDeploymentPostprocessing = 0;
		};
/* End PBXResourcesBuildPhase section */

/* Begin PBXShellScriptBuildPhase section */
		097201405A4C25BCD703B6B8 /* [CP] Check Pods Manifest.lock */ = {
			isa = PBXShellScriptBuildPhase;
			buildActionMask = 2147483647;
			files = (
			);
			inputFileListPaths = (
			);
			inputPaths = (
				"${PODS_PODFILE_DIR_PATH}/Podfile.lock",
				"${PODS_ROOT}/Manifest.lock",
			);
			name = "[CP] Check Pods Manifest.lock";
			outputFileListPaths = (
			);
			outputPaths = (
				"$(DERIVED_FILE_DIR)/Pods-application-client-checkManifestLockResult.txt",
			);
			runOnlyForDeploymentPostprocessing = 0;
			shellPath = /bin/sh;
			shellScript = "diff \"${PODS_PODFILE_DIR_PATH}/Podfile.lock\" \"${PODS_ROOT}/Manifest.lock\" > /dev/null\nif [ $? != 0 ] ; then\n    # print error to STDERR\n    echo \"error: The sandbox is not in sync with the Podfile.lock. Run 'pod install' or update your CocoaPods installation.\" >&2\n    exit 1\nfi\n# This output is used by Xcode 'outputs' to avoid re-running this script phase.\necho \"SUCCESS\" > \"${SCRIPT_OUTPUT_FILE_0}\"\n";
			showEnvVarsInLog = 0;
		};
		69E9CAB0A27CBA56652384FA /* [CP] Check Pods Manifest.lock */ = {
			isa = PBXShellScriptBuildPhase;
			buildActionMask = 2147483647;
			files = (
			);
			inputFileListPaths = (
			);
			inputPaths = (
				"${PODS_PODFILE_DIR_PATH}/Podfile.lock",
				"${PODS_ROOT}/Manifest.lock",
			);
			name = "[CP] Check Pods Manifest.lock";
			outputFileListPaths = (
			);
			outputPaths = (
				"$(DERIVED_FILE_DIR)/Pods-application-client-application-clientUITests-checkManifestLockResult.txt",
			);
			runOnlyForDeploymentPostprocessing = 0;
			shellPath = /bin/sh;
			shellScript = "diff \"${PODS_PODFILE_DIR_PATH}/Podfile.lock\" \"${PODS_ROOT}/Manifest.lock\" > /dev/null\nif [ $? != 0 ] ; then\n    # print error to STDERR\n    echo \"error: The sandbox is not in sync with the Podfile.lock. Run 'pod install' or update your CocoaPods installation.\" >&2\n    exit 1\nfi\n# This output is used by Xcode 'outputs' to avoid re-running this script phase.\necho \"SUCCESS\" > \"${SCRIPT_OUTPUT_FILE_0}\"\n";
			showEnvVarsInLog = 0;
		};
		91664FACB155182DB1F2277D /* [CP] Embed Pods Frameworks */ = {
			isa = PBXShellScriptBuildPhase;
			buildActionMask = 2147483647;
			files = (
			);
			inputFileListPaths = (
				"${PODS_ROOT}/Target Support Files/Pods-application-client/Pods-application-client-frameworks-${CONFIGURATION}-input-files.xcfilelist",
			);
			name = "[CP] Embed Pods Frameworks";
			outputFileListPaths = (
				"${PODS_ROOT}/Target Support Files/Pods-application-client/Pods-application-client-frameworks-${CONFIGURATION}-output-files.xcfilelist",
			);
			runOnlyForDeploymentPostprocessing = 0;
			shellPath = /bin/sh;
			shellScript = "\"${PODS_ROOT}/Target Support Files/Pods-application-client/Pods-application-client-frameworks.sh\"\n";
			showEnvVarsInLog = 0;
		};
		BB85FBB3C163FE2AC1DB8EC6 /* [CP] Embed Pods Frameworks */ = {
			isa = PBXShellScriptBuildPhase;
			buildActionMask = 2147483647;
			files = (
			);
			inputFileListPaths = (
				"${PODS_ROOT}/Target Support Files/Pods-application-client-application-clientUITests/Pods-application-client-application-clientUITests-frameworks-${CONFIGURATION}-input-files.xcfilelist",
			);
			name = "[CP] Embed Pods Frameworks";
			outputFileListPaths = (
				"${PODS_ROOT}/Target Support Files/Pods-application-client-application-clientUITests/Pods-application-client-application-clientUITests-frameworks-${CONFIGURATION}-output-files.xcfilelist",
			);
			runOnlyForDeploymentPostprocessing = 0;
			shellPath = /bin/sh;
			shellScript = "\"${PODS_ROOT}/Target Support Files/Pods-application-client-application-clientUITests/Pods-application-client-application-clientUITests-frameworks.sh\"\n";
			showEnvVarsInLog = 0;
		};
		EF3DD9DBF3EC81C9BD79D040 /* [CP] Check Pods Manifest.lock */ = {
			isa = PBXShellScriptBuildPhase;
			buildActionMask = 2147483647;
			files = (
			);
			inputFileListPaths = (
			);
			inputPaths = (
				"${PODS_PODFILE_DIR_PATH}/Podfile.lock",
				"${PODS_ROOT}/Manifest.lock",
			);
			name = "[CP] Check Pods Manifest.lock";
			outputFileListPaths = (
			);
			outputPaths = (
				"$(DERIVED_FILE_DIR)/Pods-application-clientTests-checkManifestLockResult.txt",
			);
			runOnlyForDeploymentPostprocessing = 0;
			shellPath = /bin/sh;
			shellScript = "diff \"${PODS_PODFILE_DIR_PATH}/Podfile.lock\" \"${PODS_ROOT}/Manifest.lock\" > /dev/null\nif [ $? != 0 ] ; then\n    # print error to STDERR\n    echo \"error: The sandbox is not in sync with the Podfile.lock. Run 'pod install' or update your CocoaPods installation.\" >&2\n    exit 1\nfi\n# This output is used by Xcode 'outputs' to avoid re-running this script phase.\necho \"SUCCESS\" > \"${SCRIPT_OUTPUT_FILE_0}\"\n";
			showEnvVarsInLog = 0;
		};
/* End PBXShellScriptBuildPhase section */

/* Begin PBXSourcesBuildPhase section */
		8D0B222B2CA1B9E300C1649A /* Sources */ = {
			isa = PBXSourcesBuildPhase;
			buildActionMask = 2147483647;
			files = (
				8D0B22372CA1B9E300C1649A /* ViewController.swift in Sources */,
				8D0B22332CA1B9E300C1649A /* AppDelegate.swift in Sources */,
				8D0B22352CA1B9E300C1649A /* SceneDelegate.swift in Sources */,
			);
			runOnlyForDeploymentPostprocessing = 0;
		};
		8D0B22412CA1B9E600C1649A /* Sources */ = {
			isa = PBXSourcesBuildPhase;
			buildActionMask = 2147483647;
			files = (
				8D0B224A2CA1B9E600C1649A /* application_clientTests.swift in Sources */,
			);
			runOnlyForDeploymentPostprocessing = 0;
		};
		8D0B224B2CA1B9E600C1649A /* Sources */ = {
			isa = PBXSourcesBuildPhase;
			buildActionMask = 2147483647;
			files = (
				8D0B22562CA1B9E600C1649A /* application_clientUITestsLaunchTests.swift in Sources */,
				8D0B22542CA1B9E600C1649A /* application_clientUITests.swift in Sources */,
			);
			runOnlyForDeploymentPostprocessing = 0;
		};
/* End PBXSourcesBuildPhase section */

/* Begin PBXTargetDependency section */
		8D0B22472CA1B9E600C1649A /* PBXTargetDependency */ = {
			isa = PBXTargetDependency;
			target = 8D0B222E2CA1B9E300C1649A /* application-client */;
			targetProxy = 8D0B22462CA1B9E600C1649A /* PBXContainerItemProxy */;
		};
		8D0B22512CA1B9E600C1649A /* PBXTargetDependency */ = {
			isa = PBXTargetDependency;
			target = 8D0B222E2CA1B9E300C1649A /* application-client */;
			targetProxy = 8D0B22502CA1B9E600C1649A /* PBXContainerItemProxy */;
		};
/* End PBXTargetDependency section */

/* Begin PBXVariantGroup section */
		8D0B223D2CA1B9E500C1649A /* LaunchScreen.storyboard */ = {
			isa = PBXVariantGroup;
			children = (
				8D0B223E2CA1B9E500C1649A /* Base */,
			);
			name = LaunchScreen.storyboard;
			sourceTree = "<group>";
		};
/* End PBXVariantGroup section */

/* Begin XCBuildConfiguration section */
		8D0B22572CA1B9E600C1649A /* Debug */ = {
			isa = XCBuildConfiguration;
			buildSettings = {
				ALWAYS_SEARCH_USER_PATHS = NO;
				ASSETCATALOG_COMPILER_GENERATE_SWIFT_ASSET_SYMBOL_EXTENSIONS = YES;
				CLANG_ANALYZER_NONNULL = YES;
				CLANG_ANALYZER_NUMBER_OBJECT_CONVERSION = YES_AGGRESSIVE;
				CLANG_CXX_LANGUAGE_STANDARD = "gnu++20";
				CLANG_ENABLE_MODULES = YES;
				CLANG_ENABLE_OBJC_ARC = YES;
				CLANG_ENABLE_OBJC_WEAK = YES;
				CLANG_WARN_BLOCK_CAPTURE_AUTORELEASING = YES;
				CLANG_WARN_BOOL_CONVERSION = YES;
				CLANG_WARN_COMMA = YES;
				CLANG_WARN_CONSTANT_CONVERSION = YES;
				CLANG_WARN_DEPRECATED_OBJC_IMPLEMENTATIONS = YES;
				CLANG_WARN_DIRECT_OBJC_ISA_USAGE = YES_ERROR;
				CLANG_WARN_DOCUMENTATION_COMMENTS = YES;
				CLANG_WARN_EMPTY_BODY = YES;
				CLANG_WARN_ENUM_CONVERSION = YES;
				CLANG_WARN_INFINITE_RECURSION = YES;
				CLANG_WARN_INT_CONVERSION = YES;
				CLANG_WARN_NON_LITERAL_NULL_CONVERSION = YES;
				CLANG_WARN_OBJC_IMPLICIT_RETAIN_SELF = YES;
				CLANG_WARN_OBJC_LITERAL_CONVERSION = YES;
				CLANG_WARN_OBJC_ROOT_CLASS = YES_ERROR;
				CLANG_WARN_QUOTED_INCLUDE_IN_FRAMEWORK_HEADER = YES;
				CLANG_WARN_RANGE_LOOP_ANALYSIS = YES;
				CLANG_WARN_STRICT_PROTOTYPES = YES;
				CLANG_WARN_SUSPICIOUS_MOVE = YES;
				CLANG_WARN_UNGUARDED_AVAILABILITY = YES_AGGRESSIVE;
				CLANG_WARN_UNREACHABLE_CODE = YES;
				CLANG_WARN__DUPLICATE_METHOD_MATCH = YES;
				COPY_PHASE_STRIP = NO;
				DEBUG_INFORMATION_FORMAT = dwarf;
				ENABLE_STRICT_OBJC_MSGSEND = YES;
				ENABLE_TESTABILITY = YES;
				ENABLE_USER_SCRIPT_SANDBOXING = YES;
				GCC_C_LANGUAGE_STANDARD = gnu17;
				GCC_DYNAMIC_NO_PIC = NO;
				GCC_NO_COMMON_BLOCKS = YES;
				GCC_OPTIMIZATION_LEVEL = 0;
				GCC_PREPROCESSOR_DEFINITIONS = (
					"DEBUG=1",
					"$(inherited)",
				);
				GCC_WARN_64_TO_32_BIT_CONVERSION = YES;
				GCC_WARN_ABOUT_RETURN_TYPE = YES_ERROR;
				GCC_WARN_UNDECLARED_SELECTOR = YES;
				GCC_WARN_UNINITIALIZED_AUTOS = YES_AGGRESSIVE;
				GCC_WARN_UNUSED_FUNCTION = YES;
				GCC_WARN_UNUSED_VARIABLE = YES;
				IPHONEOS_DEPLOYMENT_TARGET = 17.5;
				LOCALIZATION_PREFERS_STRING_CATALOGS = YES;
				MTL_ENABLE_DEBUG_INFO = INCLUDE_SOURCE;
				MTL_FAST_MATH = YES;
				ONLY_ACTIVE_ARCH = YES;
				SDKROOT = iphoneos;
				SWIFT_ACTIVE_COMPILATION_CONDITIONS = "DEBUG $(inherited)";
				SWIFT_OPTIMIZATION_LEVEL = "-Onone";
			};
			name = Debug;
		};
		8D0B22582CA1B9E600C1649A /* Release */ = {
			isa = XCBuildConfiguration;
			buildSettings = {
				ALWAYS_SEARCH_USER_PATHS = NO;
				ASSETCATALOG_COMPILER_GENERATE_SWIFT_ASSET_SYMBOL_EXTENSIONS = YES;
				CLANG_ANALYZER_NONNULL = YES;
				CLANG_ANALYZER_NUMBER_OBJECT_CONVERSION = YES_AGGRESSIVE;
				CLANG_CXX_LANGUAGE_STANDARD = "gnu++20";
				CLANG_ENABLE_MODULES = YES;
				CLANG_ENABLE_OBJC_ARC = YES;
				CLANG_ENABLE_OBJC_WEAK = YES;
				CLANG_WARN_BLOCK_CAPTURE_AUTORELEASING = YES;
				CLANG_WARN_BOOL_CONVERSION = YES;
				CLANG_WARN_COMMA = YES;
				CLANG_WARN_CONSTANT_CONVERSION = YES;
				CLANG_WARN_DEPRECATED_OBJC_IMPLEMENTATIONS = YES;
				CLANG_WARN_DIRECT_OBJC_ISA_USAGE = YES_ERROR;
				CLANG_WARN_DOCUMENTATION_COMMENTS = YES;
				CLANG_WARN_EMPTY_BODY = YES;
				CLANG_WARN_ENUM_CONVERSION = YES;
				CLANG_WARN_INFINITE_RECURSION = YES;
				CLANG_WARN_INT_CONVERSION = YES;
				CLANG_WARN_NON_LITERAL_NULL_CONVERSION = YES;
				CLANG_WARN_OBJC_IMPLICIT_RETAIN_SELF = YES;
				CLANG_WARN_OBJC_LITERAL_CONVERSION = YES;
				CLANG_WARN_OBJC_ROOT_CLASS = YES_ERROR;
				CLANG_WARN_QUOTED_INCLUDE_IN_FRAMEWORK_HEADER = YES;
				CLANG_WARN_RANGE_LOOP_ANALYSIS = YES;
				CLANG_WARN_STRICT_PROTOTYPES = YES;
				CLANG_WARN_SUSPICIOUS_MOVE = YES;
				CLANG_WARN_UNGUARDED_AVAILABILITY = YES_AGGRESSIVE;
				CLANG_WARN_UNREACHABLE_CODE = YES;
				CLANG_WARN__DUPLICATE_METHOD_MATCH = YES;
				COPY_PHASE_STRIP = NO;
				DEBUG_INFORMATION_FORMAT = "dwarf-with-dsym";
				ENABLE_NS_ASSERTIONS = NO;
				ENABLE_STRICT_OBJC_MSGSEND = YES;
				ENABLE_USER_SCRIPT_SANDBOXING = YES;
				GCC_C_LANGUAGE_STANDARD = gnu17;
				GCC_NO_COMMON_BLOCKS = YES;
				GCC_WARN_64_TO_32_BIT_CONVERSION = YES;
				GCC_WARN_ABOUT_RETURN_TYPE = YES_ERROR;
				GCC_WARN_UNDECLARED_SELECTOR = YES;
				GCC_WARN_UNINITIALIZED_AUTOS = YES_AGGRESSIVE;
				GCC_WARN_UNUSED_FUNCTION = YES;
				GCC_WARN_UNUSED_VARIABLE = YES;
				IPHONEOS_DEPLOYMENT_TARGET = 17.5;
				LOCALIZATION_PREFERS_STRING_CATALOGS = YES;
				MTL_ENABLE_DEBUG_INFO = NO;
				MTL_FAST_MATH = YES;
				SDKROOT = iphoneos;
				SWIFT_COMPILATION_MODE = wholemodule;
				VALIDATE_PRODUCT = YES;
			};
			name = Release;
		};
		8D0B225A2CA1B9E600C1649A /* Debug */ = {
			isa = XCBuildConfiguration;
			baseConfigurationReference = 67F6D2CE2103EC122055A010 /* Pods-application-client.debug.xcconfig */;
			buildSettings = {
				ASSETCATALOG_COMPILER_APPICON_NAME = AppIcon;
				ASSETCATALOG_COMPILER_GLOBAL_ACCENT_COLOR_NAME = AccentColor;
				CODE_SIGN_STYLE = Automatic;
				CURRENT_PROJECT_VERSION = 1;
				DEVELOPMENT_TEAM = V36RW5TG62;
				GENERATE_INFOPLIST_FILE = YES;
				INFOPLIST_FILE = "application-client/Info.plist";
				INFOPLIST_KEY_UIApplicationSupportsIndirectInputEvents = YES;
				INFOPLIST_KEY_UILaunchStoryboardName = LaunchScreen;
				INFOPLIST_KEY_UISupportedInterfaceOrientations_iPad = "UIInterfaceOrientationPortrait UIInterfaceOrientationPortraitUpsideDown UIInterfaceOrientationLandscapeLeft UIInterfaceOrientationLandscapeRight";
				INFOPLIST_KEY_UISupportedInterfaceOrientations_iPhone = "UIInterfaceOrientationPortrait UIInterfaceOrientationLandscapeLeft UIInterfaceOrientationLandscapeRight";
				LD_RUNPATH_SEARCH_PATHS = (
					"$(inherited)",
					"@executable_path/Frameworks",
				);
				MARKETING_VERSION = 1.0;
				PRODUCT_BUNDLE_IDENTIFIER = "learning.application-client";
				PRODUCT_NAME = "$(TARGET_NAME)";
				SWIFT_EMIT_LOC_STRINGS = YES;
				SWIFT_VERSION = 5.0;
				TARGETED_DEVICE_FAMILY = "1,2";
			};
			name = Debug;
		};
		8D0B225B2CA1B9E600C1649A /* Release */ = {
			isa = XCBuildConfiguration;
			baseConfigurationReference = 5CE937026C14CA3D9BA4DAF9 /* Pods-application-client.release.xcconfig */;
			buildSettings = {
				ASSETCATALOG_COMPILER_APPICON_NAME = AppIcon;
				ASSETCATALOG_COMPILER_GLOBAL_ACCENT_COLOR_NAME = AccentColor;
				CODE_SIGN_STYLE = Automatic;
				CURRENT_PROJECT_VERSION = 1;
				DEVELOPMENT_TEAM = V36RW5TG62;
				GENERATE_INFOPLIST_FILE = YES;
				INFOPLIST_FILE = "application-client/Info.plist";
				INFOPLIST_KEY_UIApplicationSupportsIndirectInputEvents = YES;
				INFOPLIST_KEY_UILaunchStoryboardName = LaunchScreen;
				INFOPLIST_KEY_UISupportedInterfaceOrientations_iPad = "UIInterfaceOrientationPortrait UIInterfaceOrientationPortraitUpsideDown UIInterfaceOrientationLandscapeLeft UIInterfaceOrientationLandscapeRight";
				INFOPLIST_KEY_UISupportedInterfaceOrientations_iPhone = "UIInterfaceOrientationPortrait UIInterfaceOrientationLandscapeLeft UIInterfaceOrientationLandscapeRight";
				LD_RUNPATH_SEARCH_PATHS = (
					"$(inherited)",
					"@executable_path/Frameworks",
				);
				MARKETING_VERSION = 1.0;
				PRODUCT_BUNDLE_IDENTIFIER = "learning.application-client";
				PRODUCT_NAME = "$(TARGET_NAME)";
				SWIFT_EMIT_LOC_STRINGS = YES;
				SWIFT_VERSION = 5.0;
				TARGETED_DEVICE_FAMILY = "1,2";
			};
			name = Release;
		};
		8D0B225D2CA1B9E600C1649A /* Debug */ = {
			isa = XCBuildConfiguration;
			baseConfigurationReference = 78390414B391F5196226F3CD /* Pods-application-clientTests.debug.xcconfig */;
			buildSettings = {
				ALWAYS_EMBED_SWIFT_STANDARD_LIBRARIES = YES;
				BUNDLE_LOADER = "$(TEST_HOST)";
				CODE_SIGN_STYLE = Automatic;
				CURRENT_PROJECT_VERSION = 1;
				DEVELOPMENT_TEAM = V36RW5TG62;
				GENERATE_INFOPLIST_FILE = YES;
				IPHONEOS_DEPLOYMENT_TARGET = 17.5;
				MARKETING_VERSION = 1.0;
				PRODUCT_BUNDLE_IDENTIFIER = "learning.application-clientTests";
				PRODUCT_NAME = "$(TARGET_NAME)";
				SWIFT_EMIT_LOC_STRINGS = NO;
				SWIFT_VERSION = 5.0;
				TARGETED_DEVICE_FAMILY = "1,2";
				TEST_HOST = "$(BUILT_PRODUCTS_DIR)/application-client.app/$(BUNDLE_EXECUTABLE_FOLDER_PATH)/application-client";
			};
			name = Debug;
		};
		8D0B225E2CA1B9E600C1649A /* Release */ = {
			isa = XCBuildConfiguration;
			baseConfigurationReference = 169F04F8AF735EF66501FCA4 /* Pods-application-clientTests.release.xcconfig */;
			buildSettings = {
				ALWAYS_EMBED_SWIFT_STANDARD_LIBRARIES = YES;
				BUNDLE_LOADER = "$(TEST_HOST)";
				CODE_SIGN_STYLE = Automatic;
				CURRENT_PROJECT_VERSION = 1;
				DEVELOPMENT_TEAM = V36RW5TG62;
				GENERATE_INFOPLIST_FILE = YES;
				IPHONEOS_DEPLOYMENT_TARGET = 17.5;
				MARKETING_VERSION = 1.0;
				PRODUCT_BUNDLE_IDENTIFIER = "learning.application-clientTests";
				PRODUCT_NAME = "$(TARGET_NAME)";
				SWIFT_EMIT_LOC_STRINGS = NO;
				SWIFT_VERSION = 5.0;
				TARGETED_DEVICE_FAMILY = "1,2";
				TEST_HOST = "$(BUILT_PRODUCTS_DIR)/application-client.app/$(BUNDLE_EXECUTABLE_FOLDER_PATH)/application-client";
			};
			name = Release;
		};
		8D0B22602CA1B9E600C1649A /* Debug */ = {
			isa = XCBuildConfiguration;
			baseConfigurationReference = B12FC7CCD3EF4FB8BDF3E5A1 /* Pods-application-client-application-clientUITests.debug.xcconfig */;
			buildSettings = {
				ALWAYS_EMBED_SWIFT_STANDARD_LIBRARIES = YES;
				CODE_SIGN_STYLE = Automatic;
				CURRENT_PROJECT_VERSION = 1;
				DEVELOPMENT_TEAM = V36RW5TG62;
				GENERATE_INFOPLIST_FILE = YES;
				MARKETING_VERSION = 1.0;
				PRODUCT_BUNDLE_IDENTIFIER = "learning.application-clientUITests";
				PRODUCT_NAME = "$(TARGET_NAME)";
				SWIFT_EMIT_LOC_STRINGS = NO;
				SWIFT_VERSION = 5.0;
				TARGETED_DEVICE_FAMILY = "1,2";
				TEST_TARGET_NAME = "application-client";
			};
			name = Debug;
		};
		8D0B22612CA1B9E600C1649A /* Release */ = {
			isa = XCBuildConfiguration;
			baseConfigurationReference = 690F6DBBC3967DB43F9723B3 /* Pods-application-client-application-clientUITests.release.xcconfig */;
			buildSettings = {
				ALWAYS_EMBED_SWIFT_STANDARD_LIBRARIES = YES;
				CODE_SIGN_STYLE = Automatic;
				CURRENT_PROJECT_VERSION = 1;
				DEVELOPMENT_TEAM = V36RW5TG62;
				GENERATE_INFOPLIST_FILE = YES;
				MARKETING_VERSION = 1.0;
				PRODUCT_BUNDLE_IDENTIFIER = "learning.application-clientUITests";
				PRODUCT_NAME = "$(TARGET_NAME)";
				SWIFT_EMIT_LOC_STRINGS = NO;
				SWIFT_VERSION = 5.0;
				TARGETED_DEVICE_FAMILY = "1,2";
				TEST_TARGET_NAME = "application-client";
			};
			name = Release;
		};
/* End XCBuildConfiguration section */

/* Begin XCConfigurationList section */
		8D0B222A2CA1B9E300C1649A /* Build configuration list for PBXProject "application-client" */ = {
			isa = XCConfigurationList;
			buildConfigurations = (
				8D0B22572CA1B9E600C1649A /* Debug */,
				8D0B22582CA1B9E600C1649A /* Release */,
			);
			defaultConfigurationIsVisible = 0;
			defaultConfigurationName = Release;
		};
		8D0B22592CA1B9E600C1649A /* Build configuration list for PBXNativeTarget "application-client" */ = {
			isa = XCConfigurationList;
			buildConfigurations = (
				8D0B225A2CA1B9E600C1649A /* Debug */,
				8D0B225B2CA1B9E600C1649A /* Release */,
			);
			defaultConfigurationIsVisible = 0;
			defaultConfigurationName = Release;
		};
		8D0B225C2CA1B9E600C1649A /* Build configuration list for PBXNativeTarget "application-clientTests" */ = {
			isa = XCConfigurationList;
			buildConfigurations = (
				8D0B225D2CA1B9E600C1649A /* Debug */,
				8D0B225E2CA1B9E600C1649A /* Release */,
			);
			defaultConfigurationIsVisible = 0;
			defaultConfigurationName = Release;
		};
		8D0B225F2CA1B9E600C1649A /* Build configuration list for PBXNativeTarget "application-clientUITests" */ = {
			isa = XCConfigurationList;
			buildConfigurations = (
				8D0B22602CA1B9E600C1649A /* Debug */,
				8D0B22612CA1B9E600C1649A /* Release */,
			);
			defaultConfigurationIsVisible = 0;
			defaultConfigurationName = Release;
		};
/* End XCConfigurationList section */
	};
	rootObject = 8D0B22272CA1B9E300C1649A /* Project object */;
}
